
Microsoft Visual Studio Solution File, Format Version 12.00
# Visual Studio Version 16
VisualStudioVersion = 16.0.29905.134
MinimumVisualStudioVersion = 10.0.40219.1
Project("{FAE04EC0-301F-11D3-BF4B-00C04F79EFBC}") = "Async", "Async\Async.csproj", "{2F1E7DE1-6F03-41D2-A6D1-052F97E4A019}"
EndProject
Project("{FAE04EC0-301F-11D3-BF4B-00C04F79EFBC}") = "Sync", "Sync\Sync.csproj", "{AAA3BA24-201C-4682-B47C-F7E523D33DD9}"
EndProject
Global
	GlobalSection(SolutionConfigurationPlatforms) = preSolution
		Debug|Any CPU = Debug|Any CPU
		Release|Any CPU = Release|Any CPU
	EndGlobalSection
	GlobalSection(ProjectConfigurationPlatforms) = postSolution
		{2F1E7DE1-6F03-41D2-A6D1-052F97E4A019}.Debug|Any CPU.ActiveCfg = Debug|Any CPU
		{2F1E7DE1-6F03-41D2-A6D1-052F97E4A019}.Debug|Any CPU.Build.0 = Debug|Any CPU
		{2F1E7DE1-6F03-41D2-A6D1-052F97E4A019}.Release|Any CPU.ActiveCfg = Release|Any CPU
		{2F1E7DE1-6F03-41D2-A6D1-052F97E4A019}.Release|Any CPU.Build.0 = Release|Any CPU
		{AAA3BA24-201C-4682-B47C-F7E523D33DD9}.Debug|Any CPU.ActiveCfg = Debug|Any CPU
		{AAA3BA24-201C-4682-B47C-F7E523D33DD9}.Debug|Any CPU.Build.0 = Debug|Any CPU
		{AAA3BA24-201C-4682-B47C-F7E523D33DD9}.Release|Any CPU.ActiveCfg = Release|Any CPU
		{AAA3BA24-201C-4682-B47C-F7E523D33DD9}.Release|Any CPU.Build.0 = Release|Any CPU
	EndGlobalSection
	GlobalSection(SolutionProperties) = preSolution
		HideSolutionNode = FALSE
	EndGlobalSection
	GlobalSection(ExtensibilityGlobals) = postSolution
		SolutionGuid = {A2EE7B9F-A9D5-4019-83EC-4824FABC8EDD}
	EndGlobalSection
EndGlobal
