
Microsoft Visual Studio Solution File, Format Version 12.00
# Visual Studio Version 16
VisualStudioVersion = 16.0.29519.87
MinimumVisualStudioVersion = 10.0.40219.1
Project("{FAE04EC0-301F-11D3-BF4B-00C04F79EFBC}") = "№1", "PreparationForTheCourseCSharp\№1.csproj", "{B261A1FD-0553-409C-97F2-C51164CBCFD6}"
EndProject
Project("{FAE04EC0-301F-11D3-BF4B-00C04F79EFBC}") = "№2", "№2\№2.csproj", "{FE6612E8-5ED6-4D63-8FFE-5E3B8E934A58}"
EndProject
Project("{FAE04EC0-301F-11D3-BF4B-00C04F79EFBC}") = "№3", "№3\№3.csproj", "{DCF62415-10A4-4DCF-8BDE-FD59BF0B598D}"
EndProject
Project("{FAE04EC0-301F-11D3-BF4B-00C04F79EFBC}") = "№4", "№4\№4.csproj", "{2D0700B1-37B8-4091-AAC8-B0C6A650E756}"
EndProject
Project("{FAE04EC0-301F-11D3-BF4B-00C04F79EFBC}") = "№5", "№5\№5.csproj", "{5C270DDA-1ACC-4368-9EFE-37BD4D512430}"
EndProject
Project("{FAE04EC0-301F-11D3-BF4B-00C04F79EFBC}") = "№6", "№6\№6.csproj", "{DE4E3A5C-33A9-4E41-9615-92EE37F22A83}"
EndProject
Project("{FAE04EC0-301F-11D3-BF4B-00C04F79EFBC}") = "№7", "№7\№7.csproj", "{43A7269F-9796-4780-888A-05B63784D1D2}"
EndProject
Project("{FAE04EC0-301F-11D3-BF4B-00C04F79EFBC}") = "№8", "№8\№8.csproj", "{1C99B17C-F8B8-48D1-9708-FDF41E1AA9BD}"
EndProject
Project("{FAE04EC0-301F-11D3-BF4B-00C04F79EFBC}") = "№9", "№9\№9.csproj", "{E70D8C64-87BB-4D88-BDD7-C8DC03243308}"
EndProject
Project("{FAE04EC0-301F-11D3-BF4B-00C04F79EFBC}") = "№10", "№10\№10.csproj", "{03E00E43-5A1A-4A09-A6A6-E16B518E2A98}"
EndProject
Project("{FAE04EC0-301F-11D3-BF4B-00C04F79EFBC}") = "№11", "№11\№11.csproj", "{71012D34-3738-4467-86F5-83107F3831F6}"
EndProject
Project("{FAE04EC0-301F-11D3-BF4B-00C04F79EFBC}") = "№12", "№12\№12.csproj", "{01021CBE-CA0D-455F-8C59-B733AF1C200F}"
EndProject
Project("{FAE04EC0-301F-11D3-BF4B-00C04F79EFBC}") = "№13", "№13\№13.csproj", "{128E42F6-8899-44A6-B40E-4D2786E82BAF}"
EndProject
Project("{FAE04EC0-301F-11D3-BF4B-00C04F79EFBC}") = "№14", "№14\№14.csproj", "{10BC765C-FA81-4405-AA05-B1A682BA4FFA}"
EndProject
Global
	GlobalSection(SolutionConfigurationPlatforms) = preSolution
		Debug|Any CPU = Debug|Any CPU
		Release|Any CPU = Release|Any CPU
	EndGlobalSection
	GlobalSection(ProjectConfigurationPlatforms) = postSolution
		{B261A1FD-0553-409C-97F2-C51164CBCFD6}.Debug|Any CPU.ActiveCfg = Debug|Any CPU
		{B261A1FD-0553-409C-97F2-C51164CBCFD6}.Debug|Any CPU.Build.0 = Debug|Any CPU
		{B261A1FD-0553-409C-97F2-C51164CBCFD6}.Release|Any CPU.ActiveCfg = Release|Any CPU
		{B261A1FD-0553-409C-97F2-C51164CBCFD6}.Release|Any CPU.Build.0 = Release|Any CPU
		{FE6612E8-5ED6-4D63-8FFE-5E3B8E934A58}.Debug|Any CPU.ActiveCfg = Debug|Any CPU
		{FE6612E8-5ED6-4D63-8FFE-5E3B8E934A58}.Debug|Any CPU.Build.0 = Debug|Any CPU
		{FE6612E8-5ED6-4D63-8FFE-5E3B8E934A58}.Release|Any CPU.ActiveCfg = Release|Any CPU
		{FE6612E8-5ED6-4D63-8FFE-5E3B8E934A58}.Release|Any CPU.Build.0 = Release|Any CPU
		{DCF62415-10A4-4DCF-8BDE-FD59BF0B598D}.Debug|Any CPU.ActiveCfg = Debug|Any CPU
		{DCF62415-10A4-4DCF-8BDE-FD59BF0B598D}.Debug|Any CPU.Build.0 = Debug|Any CPU
		{DCF62415-10A4-4DCF-8BDE-FD59BF0B598D}.Release|Any CPU.ActiveCfg = Release|Any CPU
		{DCF62415-10A4-4DCF-8BDE-FD59BF0B598D}.Release|Any CPU.Build.0 = Release|Any CPU
		{2D0700B1-37B8-4091-AAC8-B0C6A650E756}.Debug|Any CPU.ActiveCfg = Debug|Any CPU
		{2D0700B1-37B8-4091-AAC8-B0C6A650E756}.Debug|Any CPU.Build.0 = Debug|Any CPU
		{2D0700B1-37B8-4091-AAC8-B0C6A650E756}.Release|Any CPU.ActiveCfg = Release|Any CPU
		{2D0700B1-37B8-4091-AAC8-B0C6A650E756}.Release|Any CPU.Build.0 = Release|Any CPU
		{5C270DDA-1ACC-4368-9EFE-37BD4D512430}.Debug|Any CPU.ActiveCfg = Debug|Any CPU
		{5C270DDA-1ACC-4368-9EFE-37BD4D512430}.Debug|Any CPU.Build.0 = Debug|Any CPU
		{5C270DDA-1ACC-4368-9EFE-37BD4D512430}.Release|Any CPU.ActiveCfg = Release|Any CPU
		{5C270DDA-1ACC-4368-9EFE-37BD4D512430}.Release|Any CPU.Build.0 = Release|Any CPU
		{DE4E3A5C-33A9-4E41-9615-92EE37F22A83}.Debug|Any CPU.ActiveCfg = Debug|Any CPU
		{DE4E3A5C-33A9-4E41-9615-92EE37F22A83}.Debug|Any CPU.Build.0 = Debug|Any CPU
		{DE4E3A5C-33A9-4E41-9615-92EE37F22A83}.Release|Any CPU.ActiveCfg = Release|Any CPU
		{DE4E3A5C-33A9-4E41-9615-92EE37F22A83}.Release|Any CPU.Build.0 = Release|Any CPU
		{43A7269F-9796-4780-888A-05B63784D1D2}.Debug|Any CPU.ActiveCfg = Debug|Any CPU
		{43A7269F-9796-4780-888A-05B63784D1D2}.Debug|Any CPU.Build.0 = Debug|Any CPU
		{43A7269F-9796-4780-888A-05B63784D1D2}.Release|Any CPU.ActiveCfg = Release|Any CPU
		{43A7269F-9796-4780-888A-05B63784D1D2}.Release|Any CPU.Build.0 = Release|Any CPU
		{1C99B17C-F8B8-48D1-9708-FDF41E1AA9BD}.Debug|Any CPU.ActiveCfg = Debug|Any CPU
		{1C99B17C-F8B8-48D1-9708-FDF41E1AA9BD}.Debug|Any CPU.Build.0 = Debug|Any CPU
		{1C99B17C-F8B8-48D1-9708-FDF41E1AA9BD}.Release|Any CPU.ActiveCfg = Release|Any CPU
		{1C99B17C-F8B8-48D1-9708-FDF41E1AA9BD}.Release|Any CPU.Build.0 = Release|Any CPU
		{E70D8C64-87BB-4D88-BDD7-C8DC03243308}.Debug|Any CPU.ActiveCfg = Debug|Any CPU
		{E70D8C64-87BB-4D88-BDD7-C8DC03243308}.Debug|Any CPU.Build.0 = Debug|Any CPU
		{E70D8C64-87BB-4D88-BDD7-C8DC03243308}.Release|Any CPU.ActiveCfg = Release|Any CPU
		{E70D8C64-87BB-4D88-BDD7-C8DC03243308}.Release|Any CPU.Build.0 = Release|Any CPU
		{03E00E43-5A1A-4A09-A6A6-E16B518E2A98}.Debug|Any CPU.ActiveCfg = Debug|Any CPU
		{03E00E43-5A1A-4A09-A6A6-E16B518E2A98}.Debug|Any CPU.Build.0 = Debug|Any CPU
		{03E00E43-5A1A-4A09-A6A6-E16B518E2A98}.Release|Any CPU.ActiveCfg = Release|Any CPU
		{03E00E43-5A1A-4A09-A6A6-E16B518E2A98}.Release|Any CPU.Build.0 = Release|Any CPU
		{71012D34-3738-4467-86F5-83107F3831F6}.Debug|Any CPU.ActiveCfg = Debug|Any CPU
		{71012D34-3738-4467-86F5-83107F3831F6}.Debug|Any CPU.Build.0 = Debug|Any CPU
		{71012D34-3738-4467-86F5-83107F3831F6}.Release|Any CPU.ActiveCfg = Release|Any CPU
		{71012D34-3738-4467-86F5-83107F3831F6}.Release|Any CPU.Build.0 = Release|Any CPU
		{01021CBE-CA0D-455F-8C59-B733AF1C200F}.Debug|Any CPU.ActiveCfg = Debug|Any CPU
		{01021CBE-CA0D-455F-8C59-B733AF1C200F}.Debug|Any CPU.Build.0 = Debug|Any CPU
		{01021CBE-CA0D-455F-8C59-B733AF1C200F}.Release|Any CPU.ActiveCfg = Release|Any CPU
		{01021CBE-CA0D-455F-8C59-B733AF1C200F}.Release|Any CPU.Build.0 = Release|Any CPU
		{128E42F6-8899-44A6-B40E-4D2786E82BAF}.Debug|Any CPU.ActiveCfg = Debug|Any CPU
		{128E42F6-8899-44A6-B40E-4D2786E82BAF}.Debug|Any CPU.Build.0 = Debug|Any CPU
		{128E42F6-8899-44A6-B40E-4D2786E82BAF}.Release|Any CPU.ActiveCfg = Release|Any CPU
		{128E42F6-8899-44A6-B40E-4D2786E82BAF}.Release|Any CPU.Build.0 = Release|Any CPU
		{10BC765C-FA81-4405-AA05-B1A682BA4FFA}.Debug|Any CPU.ActiveCfg = Debug|Any CPU
		{10BC765C-FA81-4405-AA05-B1A682BA4FFA}.Debug|Any CPU.Build.0 = Debug|Any CPU
		{10BC765C-FA81-4405-AA05-B1A682BA4FFA}.Release|Any CPU.ActiveCfg = Release|Any CPU
		{10BC765C-FA81-4405-AA05-B1A682BA4FFA}.Release|Any CPU.Build.0 = Release|Any CPU
	EndGlobalSection
	GlobalSection(SolutionProperties) = preSolution
		HideSolutionNode = FALSE
	EndGlobalSection
	GlobalSection(ExtensibilityGlobals) = postSolution
		SolutionGuid = {75DADDDF-4512-4160-A6D1-5F589D220F78}
	EndGlobalSection
EndGlobal
