
Microsoft Visual Studio Solution File, Format Version 12.00
# Visual Studio Version 16
VisualStudioVersion = 16.0.29519.87
MinimumVisualStudioVersion = 10.0.40219.1
Project("{FAE04EC0-301F-11D3-BF4B-00C04F79EFBC}") = "1", "1\1.csproj", "{273CFC56-C614-4A7B-889E-A02A9A82FFFB}"
EndProject
Project("{FAE04EC0-301F-11D3-BF4B-00C04F79EFBC}") = "2", "2\2.csproj", "{FD5BE7BB-919B-49FF-9F6F-51BEE416B2A9}"
EndProject
Project("{FAE04EC0-301F-11D3-BF4B-00C04F79EFBC}") = "3", "3\3.csproj", "{DA6A1B06-E4E1-4189-836C-531292FCD7A5}"
EndProject
Project("{FAE04EC0-301F-11D3-BF4B-00C04F79EFBC}") = "4", "4\4.csproj", "{C49EA091-6E46-4906-989B-B520852272A4}"
EndProject
Project("{FAE04EC0-301F-11D3-BF4B-00C04F79EFBC}") = "5", "5\5.csproj", "{42F1B812-24F2-474E-B1D8-FD15F061E787}"
EndProject
Project("{FAE04EC0-301F-11D3-BF4B-00C04F79EFBC}") = "6", "6\6.csproj", "{A3A695EF-4F84-428A-A0D5-AAB7D18FCF85}"
EndProject
Project("{FAE04EC0-301F-11D3-BF4B-00C04F79EFBC}") = "7", "7\7.csproj", "{644078E3-FDD9-481B-AF68-7CD15ADE5F5D}"
EndProject
Project("{FAE04EC0-301F-11D3-BF4B-00C04F79EFBC}") = "8", "8\8.csproj", "{E8DCFC96-3926-43EB-84AD-E88018FF98F8}"
EndProject
Global
	GlobalSection(SolutionConfigurationPlatforms) = preSolution
		Debug|Any CPU = Debug|Any CPU
		Release|Any CPU = Release|Any CPU
	EndGlobalSection
	GlobalSection(ProjectConfigurationPlatforms) = postSolution
		{273CFC56-C614-4A7B-889E-A02A9A82FFFB}.Debug|Any CPU.ActiveCfg = Debug|Any CPU
		{273CFC56-C614-4A7B-889E-A02A9A82FFFB}.Debug|Any CPU.Build.0 = Debug|Any CPU
		{273CFC56-C614-4A7B-889E-A02A9A82FFFB}.Release|Any CPU.ActiveCfg = Release|Any CPU
		{273CFC56-C614-4A7B-889E-A02A9A82FFFB}.Release|Any CPU.Build.0 = Release|Any CPU
		{FD5BE7BB-919B-49FF-9F6F-51BEE416B2A9}.Debug|Any CPU.ActiveCfg = Debug|Any CPU
		{FD5BE7BB-919B-49FF-9F6F-51BEE416B2A9}.Debug|Any CPU.Build.0 = Debug|Any CPU
		{FD5BE7BB-919B-49FF-9F6F-51BEE416B2A9}.Release|Any CPU.ActiveCfg = Release|Any CPU
		{FD5BE7BB-919B-49FF-9F6F-51BEE416B2A9}.Release|Any CPU.Build.0 = Release|Any CPU
		{DA6A1B06-E4E1-4189-836C-531292FCD7A5}.Debug|Any CPU.ActiveCfg = Debug|Any CPU
		{DA6A1B06-E4E1-4189-836C-531292FCD7A5}.Debug|Any CPU.Build.0 = Debug|Any CPU
		{DA6A1B06-E4E1-4189-836C-531292FCD7A5}.Release|Any CPU.ActiveCfg = Release|Any CPU
		{DA6A1B06-E4E1-4189-836C-531292FCD7A5}.Release|Any CPU.Build.0 = Release|Any CPU
		{C49EA091-6E46-4906-989B-B520852272A4}.Debug|Any CPU.ActiveCfg = Debug|Any CPU
		{C49EA091-6E46-4906-989B-B520852272A4}.Debug|Any CPU.Build.0 = Debug|Any CPU
		{C49EA091-6E46-4906-989B-B520852272A4}.Release|Any CPU.ActiveCfg = Release|Any CPU
		{C49EA091-6E46-4906-989B-B520852272A4}.Release|Any CPU.Build.0 = Release|Any CPU
		{42F1B812-24F2-474E-B1D8-FD15F061E787}.Debug|Any CPU.ActiveCfg = Debug|Any CPU
		{42F1B812-24F2-474E-B1D8-FD15F061E787}.Debug|Any CPU.Build.0 = Debug|Any CPU
		{42F1B812-24F2-474E-B1D8-FD15F061E787}.Release|Any CPU.ActiveCfg = Release|Any CPU
		{42F1B812-24F2-474E-B1D8-FD15F061E787}.Release|Any CPU.Build.0 = Release|Any CPU
		{A3A695EF-4F84-428A-A0D5-AAB7D18FCF85}.Debug|Any CPU.ActiveCfg = Debug|Any CPU
		{A3A695EF-4F84-428A-A0D5-AAB7D18FCF85}.Debug|Any CPU.Build.0 = Debug|Any CPU
		{A3A695EF-4F84-428A-A0D5-AAB7D18FCF85}.Release|Any CPU.ActiveCfg = Release|Any CPU
		{A3A695EF-4F84-428A-A0D5-AAB7D18FCF85}.Release|Any CPU.Build.0 = Release|Any CPU
		{644078E3-FDD9-481B-AF68-7CD15ADE5F5D}.Debug|Any CPU.ActiveCfg = Debug|Any CPU
		{644078E3-FDD9-481B-AF68-7CD15ADE5F5D}.Debug|Any CPU.Build.0 = Debug|Any CPU
		{644078E3-FDD9-481B-AF68-7CD15ADE5F5D}.Release|Any CPU.ActiveCfg = Release|Any CPU
		{644078E3-FDD9-481B-AF68-7CD15ADE5F5D}.Release|Any CPU.Build.0 = Release|Any CPU
		{E8DCFC96-3926-43EB-84AD-E88018FF98F8}.Debug|Any CPU.ActiveCfg = Debug|Any CPU
		{E8DCFC96-3926-43EB-84AD-E88018FF98F8}.Debug|Any CPU.Build.0 = Debug|Any CPU
		{E8DCFC96-3926-43EB-84AD-E88018FF98F8}.Release|Any CPU.ActiveCfg = Release|Any CPU
		{E8DCFC96-3926-43EB-84AD-E88018FF98F8}.Release|Any CPU.Build.0 = Release|Any CPU
	EndGlobalSection
	GlobalSection(SolutionProperties) = preSolution
		HideSolutionNode = FALSE
	EndGlobalSection
	GlobalSection(ExtensibilityGlobals) = postSolution
		SolutionGuid = {5AAE5CAB-6F13-40E6-8633-30C23E5D45B1}
	EndGlobalSection
EndGlobal
