
Microsoft Visual Studio Solution File, Format Version 12.00
# Visual Studio Version 16
VisualStudioVersion = 16.0.29613.14
MinimumVisualStudioVersion = 10.0.40219.1
Project("{9A19103F-16F7-4668-BE54-9A1E7A4F7556}") = "1", "1\1.csproj", "{67C8C509-DA7C-45D7-A99D-55342759482B}"
EndProject
Project("{FAE04EC0-301F-11D3-BF4B-00C04F79EFBC}") = "2,3", "2\2,3.csproj", "{56AFE226-33EA-4FA2-BF09-6D9E47027323}"
EndProject
Project("{FAE04EC0-301F-11D3-BF4B-00C04F79EFBC}") = "4", "4\4.csproj", "{9CAA9293-992F-4A65-91D3-855DA4F772A5}"
EndProject
Global
	GlobalSection(SolutionConfigurationPlatforms) = preSolution
		Debug|Any CPU = Debug|Any CPU
		Release|Any CPU = Release|Any CPU
	EndGlobalSection
	GlobalSection(ProjectConfigurationPlatforms) = postSolution
		{67C8C509-DA7C-45D7-A99D-55342759482B}.Debug|Any CPU.ActiveCfg = Debug|Any CPU
		{67C8C509-DA7C-45D7-A99D-55342759482B}.Debug|Any CPU.Build.0 = Debug|Any CPU
		{67C8C509-DA7C-45D7-A99D-55342759482B}.Release|Any CPU.ActiveCfg = Release|Any CPU
		{67C8C509-DA7C-45D7-A99D-55342759482B}.Release|Any CPU.Build.0 = Release|Any CPU
		{56AFE226-33EA-4FA2-BF09-6D9E47027323}.Debug|Any CPU.ActiveCfg = Debug|Any CPU
		{56AFE226-33EA-4FA2-BF09-6D9E47027323}.Debug|Any CPU.Build.0 = Debug|Any CPU
		{56AFE226-33EA-4FA2-BF09-6D9E47027323}.Release|Any CPU.ActiveCfg = Release|Any CPU
		{56AFE226-33EA-4FA2-BF09-6D9E47027323}.Release|Any CPU.Build.0 = Release|Any CPU
		{9CAA9293-992F-4A65-91D3-855DA4F772A5}.Debug|Any CPU.ActiveCfg = Debug|Any CPU
		{9CAA9293-992F-4A65-91D3-855DA4F772A5}.Debug|Any CPU.Build.0 = Debug|Any CPU
		{9CAA9293-992F-4A65-91D3-855DA4F772A5}.Release|Any CPU.ActiveCfg = Release|Any CPU
		{9CAA9293-992F-4A65-91D3-855DA4F772A5}.Release|Any CPU.Build.0 = Release|Any CPU
	EndGlobalSection
	GlobalSection(SolutionProperties) = preSolution
		HideSolutionNode = FALSE
	EndGlobalSection
	GlobalSection(ExtensibilityGlobals) = postSolution
		SolutionGuid = {4B489A53-4B8B-425D-8124-53E2F07FE327}
	EndGlobalSection
EndGlobal
