
Microsoft Visual Studio Solution File, Format Version 12.00
# Visual Studio Version 16
VisualStudioVersion = 16.0.29728.190
MinimumVisualStudioVersion = 10.0.40219.1
Project("{9A19103F-16F7-4668-BE54-9A1E7A4F7556}") = "1", "1\1.csproj", "{2B4FF4D8-3EE0-43EF-BEC6-6442BABCFF6F}"
EndProject
Project("{FAE04EC0-301F-11D3-BF4B-00C04F79EFBC}") = "2", "2\2.csproj", "{99C08F17-17E6-4C17-9DDB-6E72C26886DE}"
EndProject
Project("{FAE04EC0-301F-11D3-BF4B-00C04F79EFBC}") = "3", "3\3.csproj", "{CE292D99-09DD-4D1E-B1BF-A1D5EBA1A42E}"
EndProject
Global
	GlobalSection(SolutionConfigurationPlatforms) = preSolution
		Debug|Any CPU = Debug|Any CPU
		Release|Any CPU = Release|Any CPU
	EndGlobalSection
	GlobalSection(ProjectConfigurationPlatforms) = postSolution
		{2B4FF4D8-3EE0-43EF-BEC6-6442BABCFF6F}.Debug|Any CPU.ActiveCfg = Debug|Any CPU
		{2B4FF4D8-3EE0-43EF-BEC6-6442BABCFF6F}.Debug|Any CPU.Build.0 = Debug|Any CPU
		{2B4FF4D8-3EE0-43EF-BEC6-6442BABCFF6F}.Release|Any CPU.ActiveCfg = Release|Any CPU
		{2B4FF4D8-3EE0-43EF-BEC6-6442BABCFF6F}.Release|Any CPU.Build.0 = Release|Any CPU
		{99C08F17-17E6-4C17-9DDB-6E72C26886DE}.Debug|Any CPU.ActiveCfg = Debug|Any CPU
		{99C08F17-17E6-4C17-9DDB-6E72C26886DE}.Debug|Any CPU.Build.0 = Debug|Any CPU
		{99C08F17-17E6-4C17-9DDB-6E72C26886DE}.Release|Any CPU.ActiveCfg = Release|Any CPU
		{99C08F17-17E6-4C17-9DDB-6E72C26886DE}.Release|Any CPU.Build.0 = Release|Any CPU
		{CE292D99-09DD-4D1E-B1BF-A1D5EBA1A42E}.Debug|Any CPU.ActiveCfg = Debug|Any CPU
		{CE292D99-09DD-4D1E-B1BF-A1D5EBA1A42E}.Debug|Any CPU.Build.0 = Debug|Any CPU
		{CE292D99-09DD-4D1E-B1BF-A1D5EBA1A42E}.Release|Any CPU.ActiveCfg = Release|Any CPU
		{CE292D99-09DD-4D1E-B1BF-A1D5EBA1A42E}.Release|Any CPU.Build.0 = Release|Any CPU
	EndGlobalSection
	GlobalSection(SolutionProperties) = preSolution
		HideSolutionNode = FALSE
	EndGlobalSection
	GlobalSection(ExtensibilityGlobals) = postSolution
		SolutionGuid = {058FDA92-B0B0-4941-95C7-D26EACFC22F8}
	EndGlobalSection
EndGlobal
